
Microsoft Visual Studio Solution File, Format Version 12.00
# Visual Studio 15
VisualStudioVersion = 15.0.28010.2041
MinimumVisualStudioVersion = 10.0.40219.1
Project("{FAE04EC0-301F-11D3-BF4B-00C04F79EFBC}") = "DynamicDropDownListInMVC", "DynamicDropDownListInMVC\DynamicDropDownListInMVC.csproj", "{4400E721-AD9D-47B5-96B0-5ABBD29F2B76}"
EndProject
Global
	GlobalSection(SolutionConfigurationPlatforms) = preSolution
		Debug|Any CPU = Debug|Any CPU
		Release|Any CPU = Release|Any CPU
	EndGlobalSection
	GlobalSection(ProjectConfigurationPlatforms) = postSolution
		{4400E721-AD9D-47B5-96B0-5ABBD29F2B76}.Debug|Any CPU.ActiveCfg = Debug|Any CPU
		{4400E721-AD9D-47B5-96B0-5ABBD29F2B76}.Debug|Any CPU.Build.0 = Debug|Any CPU
		{4400E721-AD9D-47B5-96B0-5ABBD29F2B76}.Release|Any CPU.ActiveCfg = Release|Any CPU
		{4400E721-AD9D-47B5-96B0-5ABBD29F2B76}.Release|Any CPU.Build.0 = Release|Any CPU
	EndGlobalSection
	GlobalSection(SolutionProperties) = preSolution
		HideSolutionNode = FALSE
	EndGlobalSection
	GlobalSection(ExtensibilityGlobals) = postSolution
		SolutionGuid = {E0AE1A36-ACD7-47A9-B243-B904A32C8DCB}
	EndGlobalSection
EndGlobal
